// !$*UTF8*$!
{
	archiveVersion = 1;
	classes = {
	};
	objectVersion = 46;
	objects = {

/* Begin PBXBuildFile section */
		8D51FB671A8E852A00FF1993 /* main.m in Sources */ = {isa = PBXBuildFile; fileRef = 8D51FB661A8E852A00FF1993 /* main.m */; };
		8D51FB6A1A8E852A00FF1993 /* AppDelegate.m in Sources */ = {isa = PBXBuildFile; fileRef = 8D51FB691A8E852A00FF1993 /* AppDelegate.m */; };
		8D51FB6D1A8E852A00FF1993 /* ViewController.m in Sources */ = {isa = PBXBuildFile; fileRef = 8D51FB6C1A8E852A00FF1993 /* ViewController.m */; };
		8D51FB701A8E852A00FF1993 /* Main.storyboard in Resources */ = {isa = PBXBuildFile; fileRef = 8D51FB6E1A8E852A00FF1993 /* Main.storyboard */; };
		8D51FB721A8E852A00FF1993 /* Images.xcassets in Resources */ = {isa = PBXBuildFile; fileRef = 8D51FB711A8E852A00FF1993 /* Images.xcassets */; };
		8D51FB751A8E852A00FF1993 /* LaunchScreen.xib in Resources */ = {isa = PBXBuildFile; fileRef = 8D51FB731A8E852A00FF1993 /* LaunchScreen.xib */; };
		8D51FB811A8E852A00FF1993 /* BootstrapTestTests.m in Sources */ = {isa = PBXBuildFile; fileRef = 8D51FB801A8E852A00FF1993 /* BootstrapTestTests.m */; };
/* End PBXBuildFile section */

/* Begin PBXContainerItemProxy section */
		8D51FB7B1A8E852A00FF1993 /* PBXContainerItemProxy */ = {
			isa = PBXContainerItemProxy;
			containerPortal = 8D51FB591A8E852A00FF1993 /* Project object */;
			proxyType = 1;
			remoteGlobalIDString = 8D51FB601A8E852A00FF1993;
			remoteInfo = BootstrapTest;
		};
/* End PBXContainerItemProxy section */

/* Begin PBXFileReference section */
		8D51FB611A8E852A00FF1993 /* BootstrapTest.app */ = {isa = PBXFileReference; explicitFileType = wrapper.application; includeInIndex = 0; path = BootstrapTest.app; sourceTree = BUILT_PRODUCTS_DIR; };
		8D51FB651A8E852A00FF1993 /* Info.plist */ = {isa = PBXFileReference; lastKnownFileType = text.plist.xml; path = Info.plist; sourceTree = "<group>"; };
		8D51FB661A8E852A00FF1993 /* main.m */ = {isa = PBXFileReference; lastKnownFileType = sourcecode.c.objc; path = main.m; sourceTree = "<group>"; };
		8D51FB681A8E852A00FF1993 /* AppDelegate.h */ = {isa = PBXFileReference; lastKnownFileType = sourcecode.c.h; path = AppDelegate.h; sourceTree = "<group>"; };
		8D51FB691A8E852A00FF1993 /* AppDelegate.m */ = {isa = PBXFileReference; lastKnownFileType = sourcecode.c.objc; path = AppDelegate.m; sourceTree = "<group>"; };
		8D51FB6B1A8E852A00FF1993 /* ViewController.h */ = {isa = PBXFileReference; lastKnownFileType = sourcecode.c.h; path = ViewController.h; sourceTree = "<group>"; };
		8D51FB6C1A8E852A00FF1993 /* ViewController.m */ = {isa = PBXFileReference; lastKnownFileType = sourcecode.c.objc; path = ViewController.m; sourceTree = "<group>"; };
		8D51FB6F1A8E852A00FF1993 /* Base */ = {isa = PBXFileReference; lastKnownFileType = file.storyboard; name = Base; path = Base.lproj/Main.storyboard; sourceTree = "<group>"; };
		8D51FB711A8E852A00FF1993 /* Images.xcassets */ = {isa = PBXFileReference; lastKnownFileType = folder.assetcatalog; path = Images.xcassets; sourceTree = "<group>"; };
		8D51FB741A8E852A00FF1993 /* Base */ = {isa = PBXFileReference; lastKnownFileType = file.xib; name = Base; path = Base.lproj/LaunchScreen.xib; sourceTree = "<group>"; };
		8D51FB7A1A8E852A00FF1993 /* BootstrapTestTests.xctest */ = {isa = PBXFileReference; explicitFileType = wrapper.cfbundle; includeInIndex = 0; path = BootstrapTestTests.xctest; sourceTree = BUILT_PRODUCTS_DIR; };
		8D51FB7F1A8E852A00FF1993 /* Info.plist */ = {isa = PBXFileReference; lastKnownFileType = text.plist.xml; path = Info.plist; sourceTree = "<group>"; };
		8D51FB801A8E852A00FF1993 /* BootstrapTestTests.m */ = {isa = PBXFileReference; lastKnownFileType = sourcecode.c.objc; path = BootstrapTestTests.m; sourceTree = "<group>"; };
/* End PBXFileReference section */

/* Begin PBXFrameworksBuildPhase section */
		8D51FB5E1A8E852A00FF1993 /* Frameworks */ = {
			isa = PBXFrameworksBuildPhase;
			buildActionMask = 2147483647;
			files = (
			);
			runOnlyForDeploymentPostprocessing = 0;
		};
		8D51FB771A8E852A00FF1993 /* Frameworks */ = {
			isa = PBXFrameworksBuildPhase;
			buildActionMask = 2147483647;
			files = (
			);
			runOnlyForDeploymentPostprocessing = 0;
		};
/* End PBXFrameworksBuildPhase section */

/* Begin PBXGroup section */
		8D51FB581A8E852A00FF1993 = {
			isa = PBXGroup;
			children = (
				8D51FB631A8E852A00FF1993 /* BootstrapTest */,
				8D51FB7D1A8E852A00FF1993 /* BootstrapTestTests */,
				8D51FB621A8E852A00FF1993 /* Products */,
			);
			sourceTree = "<group>";
		};
		8D51FB621A8E852A00FF1993 /* Products */ = {
			isa = PBXGroup;
			children = (
				8D51FB611A8E852A00FF1993 /* BootstrapTest.app */,
				8D51FB7A1A8E852A00FF1993 /* BootstrapTestTests.xctest */,
			);
			name = Products;
			sourceTree = "<group>";
		};
		8D51FB631A8E852A00FF1993 /* BootstrapTest */ = {
			isa = PBXGroup;
			children = (
				8D51FB681A8E852A00FF1993 /* AppDelegate.h */,
				8D51FB691A8E852A00FF1993 /* AppDelegate.m */,
				8D51FB6B1A8E852A00FF1993 /* ViewController.h */,
				8D51FB6C1A8E852A00FF1993 /* ViewController.m */,
				8D51FB6E1A8E852A00FF1993 /* Main.storyboard */,
				8D51FB711A8E852A00FF1993 /* Images.xcassets */,
				8D51FB731A8E852A00FF1993 /* LaunchScreen.xib */,
				8D51FB641A8E852A00FF1993 /* Supporting Files */,
			);
			path = BootstrapTest;
			sourceTree = "<group>";
		};
		8D51FB641A8E852A00FF1993 /* Supporting Files */ = {
			isa = PBXGroup;
			children = (
				8D51FB651A8E852A00FF1993 /* Info.plist */,
				8D51FB661A8E852A00FF1993 /* main.m */,
			);
			name = "Supporting Files";
			sourceTree = "<group>";
		};
		8D51FB7D1A8E852A00FF1993 /* BootstrapTestTests */ = {
			isa = PBXGroup;
			children = (
				8D51FB801A8E852A00FF1993 /* BootstrapTestTests.m */,
				8D51FB7E1A8E852A00FF1993 /* Supporting Files */,
			);
			path = BootstrapTestTests;
			sourceTree = "<group>";
		};
		8D51FB7E1A8E852A00FF1993 /* Supporting Files */ = {
			isa = PBXGroup;
			children = (
				8D51FB7F1A8E852A00FF1993 /* Info.plist */,
			);
			name = "Supporting Files";
			sourceTree = "<group>";
		};
/* End PBXGroup section */

/* Begin PBXNativeTarget section */
		8D51FB601A8E852A00FF1993 /* BootstrapTest */ = {
			isa = PBXNativeTarget;
			buildConfigurationList = 8D51FB841A8E852A00FF1993 /* Build configuration list for PBXNativeTarget "BootstrapTest" */;
			buildPhases = (
				8D51FB5D1A8E852A00FF1993 /* Sources */,
				8D51FB5E1A8E852A00FF1993 /* Frameworks */,
				8D51FB5F1A8E852A00FF1993 /* Resources */,
			);
			buildRules = (
			);
			dependencies = (
			);
			name = BootstrapTest;
			productName = BootstrapTest;
			productReference = 8D51FB611A8E852A00FF1993 /* BootstrapTest.app */;
			productType = "com.apple.product-type.application";
		};
		8D51FB791A8E852A00FF1993 /* BootstrapTestTests */ = {
			isa = PBXNativeTarget;
			buildConfigurationList = 8D51FB871A8E852A00FF1993 /* Build configuration list for PBXNativeTarget "BootstrapTestTests" */;
			buildPhases = (
				8D51FB761A8E852A00FF1993 /* Sources */,
				8D51FB771A8E852A00FF1993 /* Frameworks */,
				8D51FB781A8E852A00FF1993 /* Resources */,
			);
			buildRules = (
			);
			dependencies = (
				8D51FB7C1A8E852A00FF1993 /* PBXTargetDependency */,
			);
			name = BootstrapTestTests;
			productName = BootstrapTestTests;
			productReference = 8D51FB7A1A8E852A00FF1993 /* BootstrapTestTests.xctest */;
			productType = "com.apple.product-type.bundle.unit-test";
		};
/* End PBXNativeTarget section */

/* Begin PBXProject section */
		8D51FB591A8E852A00FF1993 /* Project object */ = {
			isa = PBXProject;
			attributes = {
				LastUpgradeCheck = 0630;
				ORGANIZATIONNAME = "Morgan Chen";
				TargetAttributes = {
					8D51FB601A8E852A00FF1993 = {
						CreatedOnToolsVersion = 6.3;
					};
					8D51FB791A8E852A00FF1993 = {
						CreatedOnToolsVersion = 6.3;
						TestTargetID = 8D51FB601A8E852A00FF1993;
					};
				};
			};
			buildConfigurationList = 8D51FB5C1A8E852A00FF1993 /* Build configuration list for PBXProject "BootstrapTest" */;
			compatibilityVersion = "Xcode 3.2";
			developmentRegion = English;
			hasScannedForEncodings = 0;
			knownRegions = (
				en,
				Base,
			);
			mainGroup = 8D51FB581A8E852A00FF1993;
			productRefGroup = 8D51FB621A8E852A00FF1993 /* Products */;
			projectDirPath = "";
			projectRoot = "";
			targets = (
				8D51FB601A8E852A00FF1993 /* BootstrapTest */,
				8D51FB791A8E852A00FF1993 /* BootstrapTestTests */,
			);
		};
/* End PBXProject section */

/* Begin PBXResourcesBuildPhase section */
		8D51FB5F1A8E852A00FF1993 /* Resources */ = {
			isa = PBXResourcesBuildPhase;
			buildActionMask = 2147483647;
			files = (
				8D51FB701A8E852A00FF1993 /* Main.storyboard in Resources */,
				8D51FB751A8E852A00FF1993 /* LaunchScreen.xib in Resources */,
				8D51FB721A8E852A00FF1993 /* Images.xcassets in Resources */,
			);
			runOnlyForDeploymentPostprocessing = 0;
		};
		8D51FB781A8E852A00FF1993 /* Resources */ = {
			isa = PBXResourcesBuildPhase;
			buildActionMask = 2147483647;
			files = (
			);
			runOnlyForDeploymentPostprocessing = 0;
		};
/* End PBXResourcesBuildPhase section */

/* Begin PBXSourcesBuildPhase section */
		8D51FB5D1A8E852A00FF1993 /* Sources */ = {
			isa = PBXSourcesBuildPhase;
			buildActionMask = 2147483647;
			files = (
				8D51FB6D1A8E852A00FF1993 /* ViewController.m in Sources */,
				8D51FB6A1A8E852A00FF1993 /* AppDelegate.m in Sources */,
				8D51FB671A8E852A00FF1993 /* main.m in Sources */,
			);
			runOnlyForDeploymentPostprocessing = 0;
		};
		8D51FB761A8E852A00FF1993 /* Sources */ = {
			isa = PBXSourcesBuildPhase;
			buildActionMask = 2147483647;
			files = (
				8D51FB811A8E852A00FF1993 /* BootstrapTestTests.m in Sources */,
			);
			runOnlyForDeploymentPostprocessing = 0;
		};
/* End PBXSourcesBuildPhase section */

/* Begin PBXTargetDependency section */
		8D51FB7C1A8E852A00FF1993 /* PBXTargetDependency */ = {
			isa = PBXTargetDependency;
			target = 8D51FB601A8E852A00FF1993 /* BootstrapTest */;
			targetProxy = 8D51FB7B1A8E852A00FF1993 /* PBXContainerItemProxy */;
		};
/* End PBXTargetDependency section */

/* Begin PBXVariantGroup section */
		8D51FB6E1A8E852A00FF1993 /* Main.storyboard */ = {
			isa = PBXVariantGroup;
			children = (
				8D51FB6F1A8E852A00FF1993 /* Base */,
			);
			name = Main.storyboard;
			sourceTree = "<group>";
		};
		8D51FB731A8E852A00FF1993 /* LaunchScreen.xib */ = {
			isa = PBXVariantGroup;
			children = (
				8D51FB741A8E852A00FF1993 /* Base */,
			);
			name = LaunchScreen.xib;
			sourceTree = "<group>";
		};
/* End PBXVariantGroup section */

/* Begin XCBuildConfiguration section */
		8D51FB821A8E852A00FF1993 /* Debug */ = {
			isa = XCBuildConfiguration;
			buildSettings = {
				ALWAYS_SEARCH_USER_PATHS = NO;
				CLANG_CXX_LANGUAGE_STANDARD = "gnu++0x";
				CLANG_CXX_LIBRARY = "libc++";
				CLANG_ENABLE_MODULES = YES;
				CLANG_ENABLE_OBJC_ARC = YES;
				CLANG_WARN_BOOL_CONVERSION = YES;
				CLANG_WARN_CONSTANT_CONVERSION = YES;
				CLANG_WARN_DIRECT_OBJC_ISA_USAGE = YES_ERROR;
				CLANG_WARN_EMPTY_BODY = YES;
				CLANG_WARN_ENUM_CONVERSION = YES;
				CLANG_WARN_INT_CONVERSION = YES;
				CLANG_WARN_OBJC_ROOT_CLASS = YES_ERROR;
				CLANG_WARN_UNREACHABLE_CODE = YES;
				CLANG_WARN__DUPLICATE_METHOD_MATCH = YES;
				"CODE_SIGN_IDENTITY[sdk=iphoneos*]" = "iPhone Developer";
				COPY_PHASE_STRIP = NO;
				DEBUG_INFORMATION_FORMAT = dwarf;
				ENABLE_STRICT_OBJC_MSGSEND = YES;
				GCC_C_LANGUAGE_STANDARD = gnu99;
				GCC_DYNAMIC_NO_PIC = NO;
				GCC_OPTIMIZATION_LEVEL = 0;
				GCC_PREPROCESSOR_DEFINITIONS = (
					"DEBUG=1",
					"$(inherited)",
				);
				GCC_SYMBOLS_PRIVATE_EXTERN = NO;
				GCC_WARN_64_TO_32_BIT_CONVERSION = YES;
				GCC_WARN_ABOUT_RETURN_TYPE = YES_ERROR;
				GCC_WARN_UNDECLARED_SELECTOR = YES;
				GCC_WARN_UNINITIALIZED_AUTOS = YES_AGGRESSIVE;
				GCC_WARN_UNUSED_FUNCTION = YES;
				GCC_WARN_UNUSED_VARIABLE = YES;
				IPHONEOS_DEPLOYMENT_TARGET = 8.3;
				MTL_ENABLE_DEBUG_INFO = YES;
				ONLY_ACTIVE_ARCH = YES;
				SDKROOT = iphoneos;
				TARGETED_DEVICE_FAMILY = "1,2";
			};
			name = Debug;
		};
		8D51FB831A8E852A00FF1993 /* Release */ = {
			isa = XCBuildConfiguration;
			buildSettings = {
				ALWAYS_SEARCH_USER_PATHS = NO;
				CLANG_CXX_LANGUAGE_STANDARD = "gnu++0x";
				CLANG_CXX_LIBRARY = "libc++";
				CLANG_ENABLE_MODULES = YES;
				CLANG_ENABLE_OBJC_ARC = YES;
				CLANG_WARN_BOOL_CONVERSION = YES;
				CLANG_WARN_CONSTANT_CONVERSION = YES;
				CLANG_WARN_DIRECT_OBJC_ISA_USAGE = YES_ERROR;
				CLANG_WARN_EMPTY_BODY = YES;
				CLANG_WARN_ENUM_CONVERSION = YES;
				CLANG_WARN_INT_CONVERSION = YES;
				CLANG_WARN_OBJC_ROOT_CLASS = YES_ERROR;
				CLANG_WARN_UNREACHABLE_CODE = YES;
				CLANG_WARN__DUPLICATE_METHOD_MATCH = YES;
				"CODE_SIGN_IDENTITY[sdk=iphoneos*]" = "iPhone Developer";
				COPY_PHASE_STRIP = NO;
				DEBUG_INFORMATION_FORMAT = "dwarf-with-dsym";
				ENABLE_NS_ASSERTIONS = NO;
				ENABLE_STRICT_OBJC_MSGSEND = YES;
				GCC_C_LANGUAGE_STANDARD = gnu99;
				GCC_WARN_64_TO_32_BIT_CONVERSION = YES;
				GCC_WARN_ABOUT_RETURN_TYPE = YES_ERROR;
				GCC_WARN_UNDECLARED_SELECTOR = YES;
				GCC_WARN_UNINITIALIZED_AUTOS = YES_AGGRESSIVE;
				GCC_WARN_UNUSED_FUNCTION = YES;
				GCC_WARN_UNUSED_VARIABLE = YES;
				IPHONEOS_DEPLOYMENT_TARGET = 8.3;
				MTL_ENABLE_DEBUG_INFO = NO;
				SDKROOT = iphoneos;
				TARGETED_DEVICE_FAMILY = "1,2";
				VALIDATE_PRODUCT = YES;
			};
			name = Release;
		};
		8D51FB851A8E852A00FF1993 /* Debug */ = {
			isa = XCBuildConfiguration;
			buildSettings = {
				ASSETCATALOG_COMPILER_APPICON_NAME = AppIcon;
				INFOPLIST_FILE = BootstrapTest/Info.plist;
				LD_RUNPATH_SEARCH_PATHS = "$(inherited) @executable_path/Frameworks";
				PRODUCT_NAME = "$(TARGET_NAME)";
			};
			name = Debug;
		};
		8D51FB861A8E852A00FF1993 /* Release */ = {
			isa = XCBuildConfiguration;
			buildSettings = {
				ASSETCATALOG_COMPILER_APPICON_NAME = AppIcon;
				INFOPLIST_FILE = BootstrapTest/Info.plist;
				LD_RUNPATH_SEARCH_PATHS = "$(inherited) @executable_path/Frameworks";
				PRODUCT_NAME = "$(TARGET_NAME)";
			};
			name = Release;
		};
		8D51FB881A8E852A00FF1993 /* Debug */ = {
			isa = XCBuildConfiguration;
			buildSettings = {
				BUNDLE_LOADER = "$(TEST_HOST)";
				FRAMEWORK_SEARCH_PATHS = (
					"$(SDKROOT)/Developer/Library/Frameworks",
					"$(inherited)",
				);
				GCC_PREPROCESSOR_DEFINITIONS = (
					"DEBUG=1",
					"$(inherited)",
				);
				INFOPLIST_FILE = BootstrapTestTests/Info.plist;
				LD_RUNPATH_SEARCH_PATHS = "$(inherited) @executable_path/Frameworks @loader_path/Frameworks";
				PRODUCT_NAME = "$(TARGET_NAME)";
				TEST_HOST = "$(BUILT_PRODUCTS_DIR)/BootstrapTest.app/BootstrapTest";
			};
			name = Debug;
		};
		8D51FB891A8E852A00FF1993 /* Release */ = {
			isa = XCBuildConfiguration;
			buildSettings = {
				BUNDLE_LOADER = "$(TEST_HOST)";
				FRAMEWORK_SEARCH_PATHS = (
					"$(SDKROOT)/Developer/Library/Frameworks",
					"$(inherited)",
				);
				INFOPLIST_FILE = BootstrapTestTests/Info.plist;
				LD_RUNPATH_SEARCH_PATHS = "$(inherited) @executable_path/Frameworks @loader_path/Frameworks";
				PRODUCT_NAME = "$(TARGET_NAME)";
				TEST_HOST = "$(BUILT_PRODUCTS_DIR)/BootstrapTest.app/BootstrapTest";
			};
			name = Release;
		};
/* End XCBuildConfiguration section */

/* Begin XCConfigurationList section */
		8D51FB5C1A8E852A00FF1993 /* Build configuration list for PBXProject "BootstrapTest" */ = {
			isa = XCConfigurationList;
			buildConfigurations = (
				8D51FB821A8E852A00FF1993 /* Debug */,
				8D51FB831A8E852A00FF1993 /* Release */,
			);
			defaultConfigurationIsVisible = 0;
			defaultConfigurationName = Release;
		};
		8D51FB841A8E852A00FF1993 /* Build configuration list for PBXNativeTarget "BootstrapTest" */ = {
			isa = XCConfigurationList;
			buildConfigurations = (
				8D51FB851A8E852A00FF1993 /* Debug */,
				8D51FB861A8E852A00FF1993 /* Release */,
			);
			defaultConfigurationIsVisible = 0;
		};
		8D51FB871A8E852A00FF1993 /* Build configuration list for PBXNativeTarget "BootstrapTestTests" */ = {
			isa = XCConfigurationList;
			buildConfigurations = (
				8D51FB881A8E852A00FF1993 /* Debug */,
				8D51FB891A8E852A00FF1993 /* Release */,
			);
			defaultConfigurationIsVisible = 0;
		};
/* End XCConfigurationList section */
	};
	rootObject = 8D51FB591A8E852A00FF1993 /* Project object */;
}
